
Microsoft Visual Studio Solution File, Format Version 11.00
# Visual Studio 2010
Project("{FAE04EC0-301F-11D3-BF4B-00C04F79EFBC}") = "BehaviorIsManaged", "BehaviorIsManaged\BehaviorIsManaged.csproj", "{C547EB82-F770-410B-94AD-534E9B1D6C1B}"
EndProject
Project("{FAE04EC0-301F-11D3-BF4B-00C04F79EFBC}") = "BiM.Protocol", "Protocol\BiM.Protocol.csproj", "{667DCC70-280C-4716-A911-C38DE5C2F0EC}"
EndProject
Project("{FAE04EC0-301F-11D3-BF4B-00C04F79EFBC}") = "BiM.Core", "Core\BiM.Core.csproj", "{2D0B3716-72B4-457B-8F61-4F7A2A200A57}"
EndProject
Project("{FAE04EC0-301F-11D3-BF4B-00C04F79EFBC}") = "BiM.MITM", "MITM\BiM.MITM.csproj", "{B402EFFE-08A0-48B7-98B0-72904C2ABEEA}"
EndProject
Project("{FAE04EC0-301F-11D3-BF4B-00C04F79EFBC}") = "NLog.netfx40", "Librairies\NLog\NLog.netfx40.csproj", "{A0BFF0DB-ED9A-4639-AE86-8E709A1EFC66}"
EndProject
Project("{FAE04EC0-301F-11D3-BF4B-00C04F79EFBC}") = "BiM.Host", "Host\BiM.Host.csproj", "{08587780-2750-4AFD-AD3E-E75393E9EA9B}"
EndProject
Global
	GlobalSection(SolutionConfigurationPlatforms) = preSolution
		Debug|Any CPU = Debug|Any CPU
		Debug|Mixed Platforms = Debug|Mixed Platforms
		Debug|x64 = Debug|x64
		Debug|x86 = Debug|x86
		Release|Any CPU = Release|Any CPU
		Release|Mixed Platforms = Release|Mixed Platforms
		Release|x64 = Release|x64
		Release|x86 = Release|x86
	EndGlobalSection
	GlobalSection(ProjectConfigurationPlatforms) = postSolution
		{C547EB82-F770-410B-94AD-534E9B1D6C1B}.Debug|Any CPU.ActiveCfg = Debug|Any CPU
		{C547EB82-F770-410B-94AD-534E9B1D6C1B}.Debug|Any CPU.Build.0 = Debug|Any CPU
		{C547EB82-F770-410B-94AD-534E9B1D6C1B}.Debug|Mixed Platforms.ActiveCfg = Debug|Any CPU
		{C547EB82-F770-410B-94AD-534E9B1D6C1B}.Debug|Mixed Platforms.Build.0 = Debug|Any CPU
		{C547EB82-F770-410B-94AD-534E9B1D6C1B}.Debug|x64.ActiveCfg = Debug|Any CPU
		{C547EB82-F770-410B-94AD-534E9B1D6C1B}.Debug|x86.ActiveCfg = Debug|Any CPU
		{C547EB82-F770-410B-94AD-534E9B1D6C1B}.Release|Any CPU.ActiveCfg = Release|Any CPU
		{C547EB82-F770-410B-94AD-534E9B1D6C1B}.Release|Any CPU.Build.0 = Release|Any CPU
		{C547EB82-F770-410B-94AD-534E9B1D6C1B}.Release|Mixed Platforms.ActiveCfg = Release|Any CPU
		{C547EB82-F770-410B-94AD-534E9B1D6C1B}.Release|Mixed Platforms.Build.0 = Release|Any CPU
		{C547EB82-F770-410B-94AD-534E9B1D6C1B}.Release|x64.ActiveCfg = Release|Any CPU
		{C547EB82-F770-410B-94AD-534E9B1D6C1B}.Release|x86.ActiveCfg = Release|Any CPU
		{667DCC70-280C-4716-A911-C38DE5C2F0EC}.Debug|Any CPU.ActiveCfg = Debug|Any CPU
		{667DCC70-280C-4716-A911-C38DE5C2F0EC}.Debug|Any CPU.Build.0 = Debug|Any CPU
		{667DCC70-280C-4716-A911-C38DE5C2F0EC}.Debug|Mixed Platforms.ActiveCfg = Debug|Any CPU
		{667DCC70-280C-4716-A911-C38DE5C2F0EC}.Debug|Mixed Platforms.Build.0 = Debug|Any CPU
		{667DCC70-280C-4716-A911-C38DE5C2F0EC}.Debug|x64.ActiveCfg = Debug|Any CPU
		{667DCC70-280C-4716-A911-C38DE5C2F0EC}.Debug|x86.ActiveCfg = Debug|Any CPU
		{667DCC70-280C-4716-A911-C38DE5C2F0EC}.Release|Any CPU.ActiveCfg = Release|Any CPU
		{667DCC70-280C-4716-A911-C38DE5C2F0EC}.Release|Any CPU.Build.0 = Release|Any CPU
		{667DCC70-280C-4716-A911-C38DE5C2F0EC}.Release|Mixed Platforms.ActiveCfg = Release|Any CPU
		{667DCC70-280C-4716-A911-C38DE5C2F0EC}.Release|Mixed Platforms.Build.0 = Release|Any CPU
		{667DCC70-280C-4716-A911-C38DE5C2F0EC}.Release|x64.ActiveCfg = Release|Any CPU
		{667DCC70-280C-4716-A911-C38DE5C2F0EC}.Release|x86.ActiveCfg = Release|Any CPU
		{2D0B3716-72B4-457B-8F61-4F7A2A200A57}.Debug|Any CPU.ActiveCfg = Debug|Any CPU
		{2D0B3716-72B4-457B-8F61-4F7A2A200A57}.Debug|Any CPU.Build.0 = Debug|Any CPU
		{2D0B3716-72B4-457B-8F61-4F7A2A200A57}.Debug|Mixed Platforms.ActiveCfg = Debug|Any CPU
		{2D0B3716-72B4-457B-8F61-4F7A2A200A57}.Debug|Mixed Platforms.Build.0 = Debug|Any CPU
		{2D0B3716-72B4-457B-8F61-4F7A2A200A57}.Debug|x64.ActiveCfg = Debug|Any CPU
		{2D0B3716-72B4-457B-8F61-4F7A2A200A57}.Debug|x86.ActiveCfg = Debug|Any CPU
		{2D0B3716-72B4-457B-8F61-4F7A2A200A57}.Release|Any CPU.ActiveCfg = Release|Any CPU
		{2D0B3716-72B4-457B-8F61-4F7A2A200A57}.Release|Any CPU.Build.0 = Release|Any CPU
		{2D0B3716-72B4-457B-8F61-4F7A2A200A57}.Release|Mixed Platforms.ActiveCfg = Release|Any CPU
		{2D0B3716-72B4-457B-8F61-4F7A2A200A57}.Release|Mixed Platforms.Build.0 = Release|Any CPU
		{2D0B3716-72B4-457B-8F61-4F7A2A200A57}.Release|x64.ActiveCfg = Release|Any CPU
		{2D0B3716-72B4-457B-8F61-4F7A2A200A57}.Release|x86.ActiveCfg = Release|Any CPU
		{B402EFFE-08A0-48B7-98B0-72904C2ABEEA}.Debug|Any CPU.ActiveCfg = Debug|Any CPU
		{B402EFFE-08A0-48B7-98B0-72904C2ABEEA}.Debug|Any CPU.Build.0 = Debug|Any CPU
		{B402EFFE-08A0-48B7-98B0-72904C2ABEEA}.Debug|Mixed Platforms.ActiveCfg = Debug|Any CPU
		{B402EFFE-08A0-48B7-98B0-72904C2ABEEA}.Debug|Mixed Platforms.Build.0 = Debug|Any CPU
		{B402EFFE-08A0-48B7-98B0-72904C2ABEEA}.Debug|x64.ActiveCfg = Debug|Any CPU
		{B402EFFE-08A0-48B7-98B0-72904C2ABEEA}.Debug|x86.ActiveCfg = Debug|Any CPU
		{B402EFFE-08A0-48B7-98B0-72904C2ABEEA}.Release|Any CPU.ActiveCfg = Release|Any CPU
		{B402EFFE-08A0-48B7-98B0-72904C2ABEEA}.Release|Any CPU.Build.0 = Release|Any CPU
		{B402EFFE-08A0-48B7-98B0-72904C2ABEEA}.Release|Mixed Platforms.ActiveCfg = Release|Any CPU
		{B402EFFE-08A0-48B7-98B0-72904C2ABEEA}.Release|Mixed Platforms.Build.0 = Release|Any CPU
		{B402EFFE-08A0-48B7-98B0-72904C2ABEEA}.Release|x64.ActiveCfg = Release|Any CPU
		{B402EFFE-08A0-48B7-98B0-72904C2ABEEA}.Release|x86.ActiveCfg = Release|Any CPU
		{A0BFF0DB-ED9A-4639-AE86-8E709A1EFC66}.Debug|Any CPU.ActiveCfg = Debug|Any CPU
		{A0BFF0DB-ED9A-4639-AE86-8E709A1EFC66}.Debug|Any CPU.Build.0 = Debug|Any CPU
		{A0BFF0DB-ED9A-4639-AE86-8E709A1EFC66}.Debug|Mixed Platforms.ActiveCfg = Debug|Any CPU
		{A0BFF0DB-ED9A-4639-AE86-8E709A1EFC66}.Debug|Mixed Platforms.Build.0 = Debug|Any CPU
		{A0BFF0DB-ED9A-4639-AE86-8E709A1EFC66}.Debug|x64.ActiveCfg = Debug|x64
		{A0BFF0DB-ED9A-4639-AE86-8E709A1EFC66}.Debug|x64.Build.0 = Debug|x64
		{A0BFF0DB-ED9A-4639-AE86-8E709A1EFC66}.Debug|x86.ActiveCfg = Debug|x86
		{A0BFF0DB-ED9A-4639-AE86-8E709A1EFC66}.Debug|x86.Build.0 = Debug|x86
		{A0BFF0DB-ED9A-4639-AE86-8E709A1EFC66}.Release|Any CPU.ActiveCfg = Release|Any CPU
		{A0BFF0DB-ED9A-4639-AE86-8E709A1EFC66}.Release|Any CPU.Build.0 = Release|Any CPU
		{A0BFF0DB-ED9A-4639-AE86-8E709A1EFC66}.Release|Mixed Platforms.ActiveCfg = Release|x64
		{A0BFF0DB-ED9A-4639-AE86-8E709A1EFC66}.Release|Mixed Platforms.Build.0 = Release|x64
		{A0BFF0DB-ED9A-4639-AE86-8E709A1EFC66}.Release|x64.ActiveCfg = Release|x64
		{A0BFF0DB-ED9A-4639-AE86-8E709A1EFC66}.Release|x64.Build.0 = Release|x64
		{A0BFF0DB-ED9A-4639-AE86-8E709A1EFC66}.Release|x86.ActiveCfg = Release|x86
		{A0BFF0DB-ED9A-4639-AE86-8E709A1EFC66}.Release|x86.Build.0 = Release|x86
		{08587780-2750-4AFD-AD3E-E75393E9EA9B}.Debug|Any CPU.ActiveCfg = Debug|x86
		{08587780-2750-4AFD-AD3E-E75393E9EA9B}.Debug|Mixed Platforms.ActiveCfg = Debug|Any CPU
		{08587780-2750-4AFD-AD3E-E75393E9EA9B}.Debug|Mixed Platforms.Build.0 = Debug|Any CPU
		{08587780-2750-4AFD-AD3E-E75393E9EA9B}.Debug|x64.ActiveCfg = Debug|x86
		{08587780-2750-4AFD-AD3E-E75393E9EA9B}.Debug|x86.ActiveCfg = Debug|x86
		{08587780-2750-4AFD-AD3E-E75393E9EA9B}.Debug|x86.Build.0 = Debug|x86
		{08587780-2750-4AFD-AD3E-E75393E9EA9B}.Release|Any CPU.ActiveCfg = Release|x86
		{08587780-2750-4AFD-AD3E-E75393E9EA9B}.Release|Mixed Platforms.ActiveCfg = Release|x86
		{08587780-2750-4AFD-AD3E-E75393E9EA9B}.Release|Mixed Platforms.Build.0 = Release|x86
		{08587780-2750-4AFD-AD3E-E75393E9EA9B}.Release|x64.ActiveCfg = Release|x86
		{08587780-2750-4AFD-AD3E-E75393E9EA9B}.Release|x86.ActiveCfg = Release|x86
		{08587780-2750-4AFD-AD3E-E75393E9EA9B}.Release|x86.Build.0 = Release|x86
	EndGlobalSection
	GlobalSection(SolutionProperties) = preSolution
		HideSolutionNode = FALSE
	EndGlobalSection
EndGlobal
