
Microsoft Visual Studio Solution File, Format Version 11.00
# Visual Studio 2010
Project("{FAE04EC0-301F-11D3-BF4B-00C04F79EFBC}") = "BiM.Behaviors", "Behaviors\BiM.Behaviors.csproj", "{C547EB82-F770-410B-94AD-534E9B1D6C1B}"
EndProject
Project("{FAE04EC0-301F-11D3-BF4B-00C04F79EFBC}") = "BiM.Protocol", "Protocol\BiM.Protocol.csproj", "{667DCC70-280C-4716-A911-C38DE5C2F0EC}"
EndProject
Project("{FAE04EC0-301F-11D3-BF4B-00C04F79EFBC}") = "BiM.Core", "Core\BiM.Core.csproj", "{2D0B3716-72B4-457B-8F61-4F7A2A200A57}"
EndProject
Project("{FAE04EC0-301F-11D3-BF4B-00C04F79EFBC}") = "BiM.MITM", "MITM\BiM.MITM.csproj", "{B402EFFE-08A0-48B7-98B0-72904C2ABEEA}"
EndProject
Project("{FAE04EC0-301F-11D3-BF4B-00C04F79EFBC}") = "NLog.netfx40", "Librairies\NLog\NLog.netfx40.csproj", "{A0BFF0DB-ED9A-4639-AE86-8E709A1EFC66}"
EndProject
Project("{FAE04EC0-301F-11D3-BF4B-00C04F79EFBC}") = "BiM.Host", "Host\BiM.Host.csproj", "{08587780-2750-4AFD-AD3E-E75393E9EA9B}"
EndProject
Project("{2150E333-8FDC-42A3-9474-1A3956D46DE8}") = "Plugins", "Plugins", "{84645BD0-5049-499A-A0A5-5BE7827823F3}"
EndProject
Project("{FAE04EC0-301F-11D3-BF4B-00C04F79EFBC}") = "SimplePlugin", "Plugins\SimplePlugin\SimplePlugin.csproj", "{F32A93A9-27A2-4D09-8B94-22B0FC0178EC}"
EndProject
Project("{FAE04EC0-301F-11D3-BF4B-00C04F79EFBC}") = "FightPlugin", "Plugins\FightPlugin\FightPlugin.csproj", "{CE15B20F-B533-4ECB-B118-D1CC9BEE060A}"
EndProject
Project("{FAE04EC0-301F-11D3-BF4B-00C04F79EFBC}") = "DofusProtocolBuilder", "DofusProtocolBuilder\DofusProtocolBuilder.csproj", "{BCF93302-7EEB-4ECE-9EC2-033B51747192}"
EndProject
Project("{FAE04EC0-301F-11D3-BF4B-00C04F79EFBC}") = "WindowManager", "Plugins\WindowManager\WindowManager.csproj", "{181A8480-E624-4A4F-9614-D34AE3B770BF}"
EndProject
Global
	GlobalSection(SolutionConfigurationPlatforms) = preSolution
		Debug|Any CPU = Debug|Any CPU
		Debug|Mixed Platforms = Debug|Mixed Platforms
		Debug|x64 = Debug|x64
		Debug|x86 = Debug|x86
		Release|Any CPU = Release|Any CPU
		Release|Mixed Platforms = Release|Mixed Platforms
		Release|x64 = Release|x64
		Release|x86 = Release|x86
	EndGlobalSection
	GlobalSection(ProjectConfigurationPlatforms) = postSolution
		{C547EB82-F770-410B-94AD-534E9B1D6C1B}.Debug|Any CPU.ActiveCfg = Debug|Any CPU
		{C547EB82-F770-410B-94AD-534E9B1D6C1B}.Debug|Any CPU.Build.0 = Debug|Any CPU
		{C547EB82-F770-410B-94AD-534E9B1D6C1B}.Debug|Mixed Platforms.ActiveCfg = Debug|Any CPU
		{C547EB82-F770-410B-94AD-534E9B1D6C1B}.Debug|Mixed Platforms.Build.0 = Debug|Any CPU
		{C547EB82-F770-410B-94AD-534E9B1D6C1B}.Debug|x64.ActiveCfg = Debug|Any CPU
		{C547EB82-F770-410B-94AD-534E9B1D6C1B}.Debug|x86.ActiveCfg = Debug|x86
		{C547EB82-F770-410B-94AD-534E9B1D6C1B}.Debug|x86.Build.0 = Debug|x86
		{C547EB82-F770-410B-94AD-534E9B1D6C1B}.Release|Any CPU.ActiveCfg = Release|Any CPU
		{C547EB82-F770-410B-94AD-534E9B1D6C1B}.Release|Any CPU.Build.0 = Release|Any CPU
		{C547EB82-F770-410B-94AD-534E9B1D6C1B}.Release|Mixed Platforms.ActiveCfg = Release|Any CPU
		{C547EB82-F770-410B-94AD-534E9B1D6C1B}.Release|Mixed Platforms.Build.0 = Release|Any CPU
		{C547EB82-F770-410B-94AD-534E9B1D6C1B}.Release|x64.ActiveCfg = Release|Any CPU
		{C547EB82-F770-410B-94AD-534E9B1D6C1B}.Release|x86.ActiveCfg = Release|Any CPU
		{667DCC70-280C-4716-A911-C38DE5C2F0EC}.Debug|Any CPU.ActiveCfg = Debug|Any CPU
		{667DCC70-280C-4716-A911-C38DE5C2F0EC}.Debug|Any CPU.Build.0 = Debug|Any CPU
		{667DCC70-280C-4716-A911-C38DE5C2F0EC}.Debug|Mixed Platforms.ActiveCfg = Debug|Any CPU
		{667DCC70-280C-4716-A911-C38DE5C2F0EC}.Debug|Mixed Platforms.Build.0 = Debug|Any CPU
		{667DCC70-280C-4716-A911-C38DE5C2F0EC}.Debug|x64.ActiveCfg = Debug|Any CPU
		{667DCC70-280C-4716-A911-C38DE5C2F0EC}.Debug|x86.ActiveCfg = Debug|x86
		{667DCC70-280C-4716-A911-C38DE5C2F0EC}.Debug|x86.Build.0 = Debug|x86
		{667DCC70-280C-4716-A911-C38DE5C2F0EC}.Release|Any CPU.ActiveCfg = Release|Any CPU
		{667DCC70-280C-4716-A911-C38DE5C2F0EC}.Release|Any CPU.Build.0 = Release|Any CPU
		{667DCC70-280C-4716-A911-C38DE5C2F0EC}.Release|Mixed Platforms.ActiveCfg = Release|Any CPU
		{667DCC70-280C-4716-A911-C38DE5C2F0EC}.Release|Mixed Platforms.Build.0 = Release|Any CPU
		{667DCC70-280C-4716-A911-C38DE5C2F0EC}.Release|x64.ActiveCfg = Release|Any CPU
		{667DCC70-280C-4716-A911-C38DE5C2F0EC}.Release|x86.ActiveCfg = Release|Any CPU
		{2D0B3716-72B4-457B-8F61-4F7A2A200A57}.Debug|Any CPU.ActiveCfg = Debug|Any CPU
		{2D0B3716-72B4-457B-8F61-4F7A2A200A57}.Debug|Any CPU.Build.0 = Debug|Any CPU
		{2D0B3716-72B4-457B-8F61-4F7A2A200A57}.Debug|Mixed Platforms.ActiveCfg = Debug|Any CPU
		{2D0B3716-72B4-457B-8F61-4F7A2A200A57}.Debug|Mixed Platforms.Build.0 = Debug|Any CPU
		{2D0B3716-72B4-457B-8F61-4F7A2A200A57}.Debug|x64.ActiveCfg = Debug|Any CPU
		{2D0B3716-72B4-457B-8F61-4F7A2A200A57}.Debug|x86.ActiveCfg = Debug|x86
		{2D0B3716-72B4-457B-8F61-4F7A2A200A57}.Debug|x86.Build.0 = Debug|x86
		{2D0B3716-72B4-457B-8F61-4F7A2A200A57}.Release|Any CPU.ActiveCfg = Release|Any CPU
		{2D0B3716-72B4-457B-8F61-4F7A2A200A57}.Release|Any CPU.Build.0 = Release|Any CPU
		{2D0B3716-72B4-457B-8F61-4F7A2A200A57}.Release|Mixed Platforms.ActiveCfg = Release|Any CPU
		{2D0B3716-72B4-457B-8F61-4F7A2A200A57}.Release|Mixed Platforms.Build.0 = Release|Any CPU
		{2D0B3716-72B4-457B-8F61-4F7A2A200A57}.Release|x64.ActiveCfg = Release|Any CPU
		{2D0B3716-72B4-457B-8F61-4F7A2A200A57}.Release|x86.ActiveCfg = Release|Any CPU
		{B402EFFE-08A0-48B7-98B0-72904C2ABEEA}.Debug|Any CPU.ActiveCfg = Debug|Any CPU
		{B402EFFE-08A0-48B7-98B0-72904C2ABEEA}.Debug|Any CPU.Build.0 = Debug|Any CPU
		{B402EFFE-08A0-48B7-98B0-72904C2ABEEA}.Debug|Mixed Platforms.ActiveCfg = Debug|Any CPU
		{B402EFFE-08A0-48B7-98B0-72904C2ABEEA}.Debug|Mixed Platforms.Build.0 = Debug|Any CPU
		{B402EFFE-08A0-48B7-98B0-72904C2ABEEA}.Debug|x64.ActiveCfg = Debug|Any CPU
		{B402EFFE-08A0-48B7-98B0-72904C2ABEEA}.Debug|x86.ActiveCfg = Debug|x86
		{B402EFFE-08A0-48B7-98B0-72904C2ABEEA}.Debug|x86.Build.0 = Debug|x86
		{B402EFFE-08A0-48B7-98B0-72904C2ABEEA}.Release|Any CPU.ActiveCfg = Release|Any CPU
		{B402EFFE-08A0-48B7-98B0-72904C2ABEEA}.Release|Any CPU.Build.0 = Release|Any CPU
		{B402EFFE-08A0-48B7-98B0-72904C2ABEEA}.Release|Mixed Platforms.ActiveCfg = Release|Any CPU
		{B402EFFE-08A0-48B7-98B0-72904C2ABEEA}.Release|Mixed Platforms.Build.0 = Release|Any CPU
		{B402EFFE-08A0-48B7-98B0-72904C2ABEEA}.Release|x64.ActiveCfg = Release|Any CPU
		{B402EFFE-08A0-48B7-98B0-72904C2ABEEA}.Release|x86.ActiveCfg = Release|Any CPU
		{A0BFF0DB-ED9A-4639-AE86-8E709A1EFC66}.Debug|Any CPU.ActiveCfg = Debug|Any CPU
		{A0BFF0DB-ED9A-4639-AE86-8E709A1EFC66}.Debug|Any CPU.Build.0 = Debug|Any CPU
		{A0BFF0DB-ED9A-4639-AE86-8E709A1EFC66}.Debug|Mixed Platforms.ActiveCfg = Debug|Any CPU
		{A0BFF0DB-ED9A-4639-AE86-8E709A1EFC66}.Debug|Mixed Platforms.Build.0 = Debug|Any CPU
		{A0BFF0DB-ED9A-4639-AE86-8E709A1EFC66}.Debug|x64.ActiveCfg = Debug|x64
		{A0BFF0DB-ED9A-4639-AE86-8E709A1EFC66}.Debug|x64.Build.0 = Debug|x64
		{A0BFF0DB-ED9A-4639-AE86-8E709A1EFC66}.Debug|x86.ActiveCfg = Debug|x86
		{A0BFF0DB-ED9A-4639-AE86-8E709A1EFC66}.Debug|x86.Build.0 = Debug|x86
		{A0BFF0DB-ED9A-4639-AE86-8E709A1EFC66}.Release|Any CPU.ActiveCfg = Release|Any CPU
		{A0BFF0DB-ED9A-4639-AE86-8E709A1EFC66}.Release|Any CPU.Build.0 = Release|Any CPU
		{A0BFF0DB-ED9A-4639-AE86-8E709A1EFC66}.Release|Mixed Platforms.ActiveCfg = Release|x64
		{A0BFF0DB-ED9A-4639-AE86-8E709A1EFC66}.Release|Mixed Platforms.Build.0 = Release|x64
		{A0BFF0DB-ED9A-4639-AE86-8E709A1EFC66}.Release|x64.ActiveCfg = Release|x64
		{A0BFF0DB-ED9A-4639-AE86-8E709A1EFC66}.Release|x64.Build.0 = Release|x64
		{A0BFF0DB-ED9A-4639-AE86-8E709A1EFC66}.Release|x86.ActiveCfg = Release|x86
		{A0BFF0DB-ED9A-4639-AE86-8E709A1EFC66}.Release|x86.Build.0 = Release|x86
		{08587780-2750-4AFD-AD3E-E75393E9EA9B}.Debug|Any CPU.ActiveCfg = Debug|Any CPU
		{08587780-2750-4AFD-AD3E-E75393E9EA9B}.Debug|Any CPU.Build.0 = Debug|Any CPU
		{08587780-2750-4AFD-AD3E-E75393E9EA9B}.Debug|Mixed Platforms.ActiveCfg = Debug|Any CPU
		{08587780-2750-4AFD-AD3E-E75393E9EA9B}.Debug|Mixed Platforms.Build.0 = Debug|Any CPU
		{08587780-2750-4AFD-AD3E-E75393E9EA9B}.Debug|x64.ActiveCfg = Debug|x86
		{08587780-2750-4AFD-AD3E-E75393E9EA9B}.Debug|x86.ActiveCfg = Debug|x86
		{08587780-2750-4AFD-AD3E-E75393E9EA9B}.Debug|x86.Build.0 = Debug|x86
		{08587780-2750-4AFD-AD3E-E75393E9EA9B}.Release|Any CPU.ActiveCfg = Release|x86
		{08587780-2750-4AFD-AD3E-E75393E9EA9B}.Release|Mixed Platforms.ActiveCfg = Release|x86
		{08587780-2750-4AFD-AD3E-E75393E9EA9B}.Release|Mixed Platforms.Build.0 = Release|x86
		{08587780-2750-4AFD-AD3E-E75393E9EA9B}.Release|x64.ActiveCfg = Release|x86
		{08587780-2750-4AFD-AD3E-E75393E9EA9B}.Release|x86.ActiveCfg = Release|x86
		{08587780-2750-4AFD-AD3E-E75393E9EA9B}.Release|x86.Build.0 = Release|x86
		{F32A93A9-27A2-4D09-8B94-22B0FC0178EC}.Debug|Any CPU.ActiveCfg = Debug|Any CPU
		{F32A93A9-27A2-4D09-8B94-22B0FC0178EC}.Debug|Any CPU.Build.0 = Debug|Any CPU
		{F32A93A9-27A2-4D09-8B94-22B0FC0178EC}.Debug|Mixed Platforms.ActiveCfg = Debug|Any CPU
		{F32A93A9-27A2-4D09-8B94-22B0FC0178EC}.Debug|Mixed Platforms.Build.0 = Debug|Any CPU
		{F32A93A9-27A2-4D09-8B94-22B0FC0178EC}.Debug|x64.ActiveCfg = Debug|Any CPU
		{F32A93A9-27A2-4D09-8B94-22B0FC0178EC}.Debug|x86.ActiveCfg = Debug|x86
		{F32A93A9-27A2-4D09-8B94-22B0FC0178EC}.Debug|x86.Build.0 = Debug|x86
		{F32A93A9-27A2-4D09-8B94-22B0FC0178EC}.Release|Any CPU.ActiveCfg = Release|Any CPU
		{F32A93A9-27A2-4D09-8B94-22B0FC0178EC}.Release|Any CPU.Build.0 = Release|Any CPU
		{F32A93A9-27A2-4D09-8B94-22B0FC0178EC}.Release|Mixed Platforms.ActiveCfg = Release|Any CPU
		{F32A93A9-27A2-4D09-8B94-22B0FC0178EC}.Release|Mixed Platforms.Build.0 = Release|Any CPU
		{F32A93A9-27A2-4D09-8B94-22B0FC0178EC}.Release|x64.ActiveCfg = Release|Any CPU
		{F32A93A9-27A2-4D09-8B94-22B0FC0178EC}.Release|x86.ActiveCfg = Release|Any CPU
		{CE15B20F-B533-4ECB-B118-D1CC9BEE060A}.Debug|Any CPU.ActiveCfg = Debug|Any CPU
		{CE15B20F-B533-4ECB-B118-D1CC9BEE060A}.Debug|Any CPU.Build.0 = Debug|Any CPU
		{CE15B20F-B533-4ECB-B118-D1CC9BEE060A}.Debug|Mixed Platforms.ActiveCfg = Debug|Any CPU
		{CE15B20F-B533-4ECB-B118-D1CC9BEE060A}.Debug|Mixed Platforms.Build.0 = Debug|Any CPU
		{CE15B20F-B533-4ECB-B118-D1CC9BEE060A}.Debug|x64.ActiveCfg = Debug|Any CPU
		{CE15B20F-B533-4ECB-B118-D1CC9BEE060A}.Debug|x86.ActiveCfg = Debug|x86
		{CE15B20F-B533-4ECB-B118-D1CC9BEE060A}.Debug|x86.Build.0 = Debug|x86
		{CE15B20F-B533-4ECB-B118-D1CC9BEE060A}.Release|Any CPU.ActiveCfg = Release|Any CPU
		{CE15B20F-B533-4ECB-B118-D1CC9BEE060A}.Release|Any CPU.Build.0 = Release|Any CPU
		{CE15B20F-B533-4ECB-B118-D1CC9BEE060A}.Release|Mixed Platforms.ActiveCfg = Release|Any CPU
		{CE15B20F-B533-4ECB-B118-D1CC9BEE060A}.Release|Mixed Platforms.Build.0 = Release|Any CPU
		{CE15B20F-B533-4ECB-B118-D1CC9BEE060A}.Release|x64.ActiveCfg = Release|Any CPU
		{CE15B20F-B533-4ECB-B118-D1CC9BEE060A}.Release|x86.ActiveCfg = Release|Any CPU
		{BCF93302-7EEB-4ECE-9EC2-033B51747192}.Debug|Any CPU.ActiveCfg = Debug|Any CPU
		{BCF93302-7EEB-4ECE-9EC2-033B51747192}.Debug|Any CPU.Build.0 = Debug|Any CPU
		{BCF93302-7EEB-4ECE-9EC2-033B51747192}.Debug|Mixed Platforms.ActiveCfg = Debug|Any CPU
		{BCF93302-7EEB-4ECE-9EC2-033B51747192}.Debug|Mixed Platforms.Build.0 = Debug|Any CPU
		{BCF93302-7EEB-4ECE-9EC2-033B51747192}.Debug|x64.ActiveCfg = Debug|x86
		{BCF93302-7EEB-4ECE-9EC2-033B51747192}.Debug|x86.ActiveCfg = Debug|x86
		{BCF93302-7EEB-4ECE-9EC2-033B51747192}.Debug|x86.Build.0 = Debug|x86
		{BCF93302-7EEB-4ECE-9EC2-033B51747192}.Release|Any CPU.ActiveCfg = Release|Any CPU
		{BCF93302-7EEB-4ECE-9EC2-033B51747192}.Release|Any CPU.Build.0 = Release|Any CPU
		{BCF93302-7EEB-4ECE-9EC2-033B51747192}.Release|Mixed Platforms.ActiveCfg = Release|Any CPU
		{BCF93302-7EEB-4ECE-9EC2-033B51747192}.Release|Mixed Platforms.Build.0 = Release|Any CPU
		{BCF93302-7EEB-4ECE-9EC2-033B51747192}.Release|x64.ActiveCfg = Release|x86
		{BCF93302-7EEB-4ECE-9EC2-033B51747192}.Release|x86.ActiveCfg = Release|x86
		{BCF93302-7EEB-4ECE-9EC2-033B51747192}.Release|x86.Build.0 = Release|x86
		{181A8480-E624-4A4F-9614-D34AE3B770BF}.Debug|Any CPU.ActiveCfg = Debug|Any CPU
		{181A8480-E624-4A4F-9614-D34AE3B770BF}.Debug|Any CPU.Build.0 = Debug|Any CPU
		{181A8480-E624-4A4F-9614-D34AE3B770BF}.Debug|Mixed Platforms.ActiveCfg = Debug|Any CPU
		{181A8480-E624-4A4F-9614-D34AE3B770BF}.Debug|Mixed Platforms.Build.0 = Debug|Any CPU
		{181A8480-E624-4A4F-9614-D34AE3B770BF}.Debug|x64.ActiveCfg = Debug|Any CPU
		{181A8480-E624-4A4F-9614-D34AE3B770BF}.Debug|x86.ActiveCfg = Debug|x86
		{181A8480-E624-4A4F-9614-D34AE3B770BF}.Debug|x86.Build.0 = Debug|x86
		{181A8480-E624-4A4F-9614-D34AE3B770BF}.Release|Any CPU.ActiveCfg = Release|Any CPU
		{181A8480-E624-4A4F-9614-D34AE3B770BF}.Release|Any CPU.Build.0 = Release|Any CPU
		{181A8480-E624-4A4F-9614-D34AE3B770BF}.Release|Mixed Platforms.ActiveCfg = Release|Any CPU
		{181A8480-E624-4A4F-9614-D34AE3B770BF}.Release|Mixed Platforms.Build.0 = Release|Any CPU
		{181A8480-E624-4A4F-9614-D34AE3B770BF}.Release|x64.ActiveCfg = Release|Any CPU
		{181A8480-E624-4A4F-9614-D34AE3B770BF}.Release|x86.ActiveCfg = Release|Any CPU
	EndGlobalSection
	GlobalSection(SolutionProperties) = preSolution
		HideSolutionNode = FALSE
	EndGlobalSection
	GlobalSection(NestedProjects) = preSolution
		{F32A93A9-27A2-4D09-8B94-22B0FC0178EC} = {84645BD0-5049-499A-A0A5-5BE7827823F3}
		{CE15B20F-B533-4ECB-B118-D1CC9BEE060A} = {84645BD0-5049-499A-A0A5-5BE7827823F3}
		{181A8480-E624-4A4F-9614-D34AE3B770BF} = {84645BD0-5049-499A-A0A5-5BE7827823F3}
	EndGlobalSection
EndGlobal
