
Microsoft Visual Studio Solution File, Format Version 11.00
# Visual Studio 2010
Project("{FAE04EC0-301F-11D3-BF4B-00C04F79EFBC}") = "BiM.Behaviors", "Behaviors\BiM.Behaviors.csproj", "{C547EB82-F770-410B-94AD-534E9B1D6C1B}"
EndProject
Project("{FAE04EC0-301F-11D3-BF4B-00C04F79EFBC}") = "BiM.Protocol", "Protocol\BiM.Protocol.csproj", "{667DCC70-280C-4716-A911-C38DE5C2F0EC}"
EndProject
Project("{FAE04EC0-301F-11D3-BF4B-00C04F79EFBC}") = "BiM.Core", "Core\BiM.Core.csproj", "{2D0B3716-72B4-457B-8F61-4F7A2A200A57}"
EndProject
Project("{FAE04EC0-301F-11D3-BF4B-00C04F79EFBC}") = "BiM.MITM", "MITM\BiM.MITM.csproj", "{B402EFFE-08A0-48B7-98B0-72904C2ABEEA}"
EndProject
Project("{FAE04EC0-301F-11D3-BF4B-00C04F79EFBC}") = "NLog.netfx40", "Librairies\NLog\NLog.netfx40.csproj", "{A0BFF0DB-ED9A-4639-AE86-8E709A1EFC66}"
EndProject
Project("{FAE04EC0-301F-11D3-BF4B-00C04F79EFBC}") = "BiM.Host", "Host\BiM.Host.csproj", "{08587780-2750-4AFD-AD3E-E75393E9EA9B}"
EndProject
Project("{2150E333-8FDC-42A3-9474-1A3956D46DE8}") = "Plugins", "Plugins", "{84645BD0-5049-499A-A0A5-5BE7827823F3}"
EndProject
Project("{FAE04EC0-301F-11D3-BF4B-00C04F79EFBC}") = "SimplePlugin", "Plugins\SimplePlugin\SimplePlugin.csproj", "{F32A93A9-27A2-4D09-8B94-22B0FC0178EC}"
EndProject
Project("{FAE04EC0-301F-11D3-BF4B-00C04F79EFBC}") = "FightPlugin", "Plugins\FightPlugin\FightPlugin.csproj", "{CE15B20F-B533-4ECB-B118-D1CC9BEE060A}"
EndProject
Project("{FAE04EC0-301F-11D3-BF4B-00C04F79EFBC}") = "DofusProtocolBuilder", "DofusProtocolBuilder\DofusProtocolBuilder.csproj", "{BCF93302-7EEB-4ECE-9EC2-033B51747192}"
EndProject
Project("{FAE04EC0-301F-11D3-BF4B-00C04F79EFBC}") = "WindowManager", "Plugins\WindowManager\WindowManager.csproj", "{181A8480-E624-4A4F-9614-D34AE3B770BF}"
EndProject
Project("{2150E333-8FDC-42A3-9474-1A3956D46DE8}") = "Librairies", "Librairies", "{F92F1BBB-B2FE-4165-80B3-971161A278DE}"
EndProject
Project("{2150E333-8FDC-42A3-9474-1A3956D46DE8}") = "BiM", "BiM", "{C56F7D9C-472E-41C3-9ADE-A8E41DDB5485}"
EndProject
Project("{2150E333-8FDC-42A3-9474-1A3956D46DE8}") = "Tools", "Tools", "{163ED360-30C9-4BBA-BA7E-1DB453616CB9}"
EndProject
Project("{FAE04EC0-301F-11D3-BF4B-00C04F79EFBC}") = "AvalonDock", "Librairies\AvalonDock\AvalonDock.csproj", "{DB81988F-E0F2-45A0-A1FD-8C37F3D35244}"
EndProject
Project("{FAE04EC0-301F-11D3-BF4B-00C04F79EFBC}") = "AvalonDock.Themes.Aero", "Librairies\AvalonDock.Themes.Aero\AvalonDock.Themes.Aero.csproj", "{BA72CCE0-A9FB-4995-B496-7FEC5C87B85B}"
EndProject
Project("{FAE04EC0-301F-11D3-BF4B-00C04F79EFBC}") = "BasicPlugin", "Plugins\BasicPlugin\BasicPlugin.csproj", "{15E6FA22-CAE7-4D5A-80DF-1994EDAA6600}"
EndProject
Project("{FAE04EC0-301F-11D3-BF4B-00C04F79EFBC}") = "WPFToolkit.Extended", "Librairies\WPFToolkit.Extended\WPFToolkit.Extended.csproj", "{72E591D6-8F83-4D8C-8F67-9C325E623234}"
EndProject
Project("{FAE04EC0-301F-11D3-BF4B-00C04F79EFBC}") = "SnifferPlugin", "Plugins\SnifferPlugin\SnifferPlugin.csproj", "{FE247DB3-2059-46AF-8C09-2D25CBDBB518}"
EndProject
Global
	GlobalSection(SolutionConfigurationPlatforms) = preSolution
		Debug|Any CPU = Debug|Any CPU
		Debug|Mixed Platforms = Debug|Mixed Platforms
		Debug|x64 = Debug|x64
		Debug|x86 = Debug|x86
		Release|Any CPU = Release|Any CPU
		Release|Mixed Platforms = Release|Mixed Platforms
		Release|x64 = Release|x64
		Release|x86 = Release|x86
	EndGlobalSection
	GlobalSection(ProjectConfigurationPlatforms) = postSolution
		{C547EB82-F770-410B-94AD-534E9B1D6C1B}.Debug|Any CPU.ActiveCfg = Debug|Any CPU
		{C547EB82-F770-410B-94AD-534E9B1D6C1B}.Debug|Any CPU.Build.0 = Debug|Any CPU
		{C547EB82-F770-410B-94AD-534E9B1D6C1B}.Debug|Mixed Platforms.ActiveCfg = Debug|Any CPU
		{C547EB82-F770-410B-94AD-534E9B1D6C1B}.Debug|Mixed Platforms.Build.0 = Debug|Any CPU
		{C547EB82-F770-410B-94AD-534E9B1D6C1B}.Debug|x64.ActiveCfg = Debug|Any CPU
		{C547EB82-F770-410B-94AD-534E9B1D6C1B}.Debug|x86.ActiveCfg = Debug|x86
		{C547EB82-F770-410B-94AD-534E9B1D6C1B}.Debug|x86.Build.0 = Debug|x86
		{C547EB82-F770-410B-94AD-534E9B1D6C1B}.Release|Any CPU.ActiveCfg = Release|Any CPU
		{C547EB82-F770-410B-94AD-534E9B1D6C1B}.Release|Any CPU.Build.0 = Release|Any CPU
		{C547EB82-F770-410B-94AD-534E9B1D6C1B}.Release|Mixed Platforms.ActiveCfg = Release|Any CPU
		{C547EB82-F770-410B-94AD-534E9B1D6C1B}.Release|Mixed Platforms.Build.0 = Release|Any CPU
		{C547EB82-F770-410B-94AD-534E9B1D6C1B}.Release|x64.ActiveCfg = Release|Any CPU
		{C547EB82-F770-410B-94AD-534E9B1D6C1B}.Release|x86.ActiveCfg = Release|Any CPU
		{667DCC70-280C-4716-A911-C38DE5C2F0EC}.Debug|Any CPU.ActiveCfg = Debug|Any CPU
		{667DCC70-280C-4716-A911-C38DE5C2F0EC}.Debug|Any CPU.Build.0 = Debug|Any CPU
		{667DCC70-280C-4716-A911-C38DE5C2F0EC}.Debug|Mixed Platforms.ActiveCfg = Debug|Any CPU
		{667DCC70-280C-4716-A911-C38DE5C2F0EC}.Debug|Mixed Platforms.Build.0 = Debug|Any CPU
		{667DCC70-280C-4716-A911-C38DE5C2F0EC}.Debug|x64.ActiveCfg = Debug|Any CPU
		{667DCC70-280C-4716-A911-C38DE5C2F0EC}.Debug|x86.ActiveCfg = Debug|x86
		{667DCC70-280C-4716-A911-C38DE5C2F0EC}.Debug|x86.Build.0 = Debug|x86
		{667DCC70-280C-4716-A911-C38DE5C2F0EC}.Release|Any CPU.ActiveCfg = Release|Any CPU
		{667DCC70-280C-4716-A911-C38DE5C2F0EC}.Release|Any CPU.Build.0 = Release|Any CPU
		{667DCC70-280C-4716-A911-C38DE5C2F0EC}.Release|Mixed Platforms.ActiveCfg = Release|Any CPU
		{667DCC70-280C-4716-A911-C38DE5C2F0EC}.Release|Mixed Platforms.Build.0 = Release|Any CPU
		{667DCC70-280C-4716-A911-C38DE5C2F0EC}.Release|x64.ActiveCfg = Release|Any CPU
		{667DCC70-280C-4716-A911-C38DE5C2F0EC}.Release|x86.ActiveCfg = Release|Any CPU
		{2D0B3716-72B4-457B-8F61-4F7A2A200A57}.Debug|Any CPU.ActiveCfg = Debug|Any CPU
		{2D0B3716-72B4-457B-8F61-4F7A2A200A57}.Debug|Any CPU.Build.0 = Debug|Any CPU
		{2D0B3716-72B4-457B-8F61-4F7A2A200A57}.Debug|Mixed Platforms.ActiveCfg = Debug|Any CPU
		{2D0B3716-72B4-457B-8F61-4F7A2A200A57}.Debug|Mixed Platforms.Build.0 = Debug|Any CPU
		{2D0B3716-72B4-457B-8F61-4F7A2A200A57}.Debug|x64.ActiveCfg = Debug|Any CPU
		{2D0B3716-72B4-457B-8F61-4F7A2A200A57}.Debug|x86.ActiveCfg = Debug|x86
		{2D0B3716-72B4-457B-8F61-4F7A2A200A57}.Debug|x86.Build.0 = Debug|x86
		{2D0B3716-72B4-457B-8F61-4F7A2A200A57}.Release|Any CPU.ActiveCfg = Release|Any CPU
		{2D0B3716-72B4-457B-8F61-4F7A2A200A57}.Release|Any CPU.Build.0 = Release|Any CPU
		{2D0B3716-72B4-457B-8F61-4F7A2A200A57}.Release|Mixed Platforms.ActiveCfg = Release|Any CPU
		{2D0B3716-72B4-457B-8F61-4F7A2A200A57}.Release|Mixed Platforms.Build.0 = Release|Any CPU
		{2D0B3716-72B4-457B-8F61-4F7A2A200A57}.Release|x64.ActiveCfg = Release|Any CPU
		{2D0B3716-72B4-457B-8F61-4F7A2A200A57}.Release|x86.ActiveCfg = Release|Any CPU
		{B402EFFE-08A0-48B7-98B0-72904C2ABEEA}.Debug|Any CPU.ActiveCfg = Debug|Any CPU
		{B402EFFE-08A0-48B7-98B0-72904C2ABEEA}.Debug|Any CPU.Build.0 = Debug|Any CPU
		{B402EFFE-08A0-48B7-98B0-72904C2ABEEA}.Debug|Mixed Platforms.ActiveCfg = Debug|Any CPU
		{B402EFFE-08A0-48B7-98B0-72904C2ABEEA}.Debug|Mixed Platforms.Build.0 = Debug|Any CPU
		{B402EFFE-08A0-48B7-98B0-72904C2ABEEA}.Debug|x64.ActiveCfg = Debug|Any CPU
		{B402EFFE-08A0-48B7-98B0-72904C2ABEEA}.Debug|x86.ActiveCfg = Debug|x86
		{B402EFFE-08A0-48B7-98B0-72904C2ABEEA}.Debug|x86.Build.0 = Debug|x86
		{B402EFFE-08A0-48B7-98B0-72904C2ABEEA}.Release|Any CPU.ActiveCfg = Release|Any CPU
		{B402EFFE-08A0-48B7-98B0-72904C2ABEEA}.Release|Any CPU.Build.0 = Release|Any CPU
		{B402EFFE-08A0-48B7-98B0-72904C2ABEEA}.Release|Mixed Platforms.ActiveCfg = Release|Any CPU
		{B402EFFE-08A0-48B7-98B0-72904C2ABEEA}.Release|Mixed Platforms.Build.0 = Release|Any CPU
		{B402EFFE-08A0-48B7-98B0-72904C2ABEEA}.Release|x64.ActiveCfg = Release|Any CPU
		{B402EFFE-08A0-48B7-98B0-72904C2ABEEA}.Release|x86.ActiveCfg = Release|Any CPU
		{A0BFF0DB-ED9A-4639-AE86-8E709A1EFC66}.Debug|Any CPU.ActiveCfg = Debug|Any CPU
		{A0BFF0DB-ED9A-4639-AE86-8E709A1EFC66}.Debug|Any CPU.Build.0 = Debug|Any CPU
		{A0BFF0DB-ED9A-4639-AE86-8E709A1EFC66}.Debug|Mixed Platforms.ActiveCfg = Debug|Any CPU
		{A0BFF0DB-ED9A-4639-AE86-8E709A1EFC66}.Debug|Mixed Platforms.Build.0 = Debug|Any CPU
		{A0BFF0DB-ED9A-4639-AE86-8E709A1EFC66}.Debug|x64.ActiveCfg = Debug|x64
		{A0BFF0DB-ED9A-4639-AE86-8E709A1EFC66}.Debug|x64.Build.0 = Debug|x64
		{A0BFF0DB-ED9A-4639-AE86-8E709A1EFC66}.Debug|x86.ActiveCfg = Debug|x86
		{A0BFF0DB-ED9A-4639-AE86-8E709A1EFC66}.Debug|x86.Build.0 = Debug|x86
		{A0BFF0DB-ED9A-4639-AE86-8E709A1EFC66}.Release|Any CPU.ActiveCfg = Release|Any CPU
		{A0BFF0DB-ED9A-4639-AE86-8E709A1EFC66}.Release|Any CPU.Build.0 = Release|Any CPU
		{A0BFF0DB-ED9A-4639-AE86-8E709A1EFC66}.Release|Mixed Platforms.ActiveCfg = Release|x64
		{A0BFF0DB-ED9A-4639-AE86-8E709A1EFC66}.Release|Mixed Platforms.Build.0 = Release|x64
		{A0BFF0DB-ED9A-4639-AE86-8E709A1EFC66}.Release|x64.ActiveCfg = Release|x64
		{A0BFF0DB-ED9A-4639-AE86-8E709A1EFC66}.Release|x64.Build.0 = Release|x64
		{A0BFF0DB-ED9A-4639-AE86-8E709A1EFC66}.Release|x86.ActiveCfg = Release|x86
		{A0BFF0DB-ED9A-4639-AE86-8E709A1EFC66}.Release|x86.Build.0 = Release|x86
		{08587780-2750-4AFD-AD3E-E75393E9EA9B}.Debug|Any CPU.ActiveCfg = Debug|Any CPU
		{08587780-2750-4AFD-AD3E-E75393E9EA9B}.Debug|Any CPU.Build.0 = Debug|Any CPU
		{08587780-2750-4AFD-AD3E-E75393E9EA9B}.Debug|Mixed Platforms.ActiveCfg = Debug|Any CPU
		{08587780-2750-4AFD-AD3E-E75393E9EA9B}.Debug|Mixed Platforms.Build.0 = Debug|Any CPU
		{08587780-2750-4AFD-AD3E-E75393E9EA9B}.Debug|x64.ActiveCfg = Debug|x86
		{08587780-2750-4AFD-AD3E-E75393E9EA9B}.Debug|x86.ActiveCfg = Debug|x86
		{08587780-2750-4AFD-AD3E-E75393E9EA9B}.Debug|x86.Build.0 = Debug|x86
		{08587780-2750-4AFD-AD3E-E75393E9EA9B}.Release|Any CPU.ActiveCfg = Release|x86
		{08587780-2750-4AFD-AD3E-E75393E9EA9B}.Release|Mixed Platforms.ActiveCfg = Release|x86
		{08587780-2750-4AFD-AD3E-E75393E9EA9B}.Release|Mixed Platforms.Build.0 = Release|x86
		{08587780-2750-4AFD-AD3E-E75393E9EA9B}.Release|x64.ActiveCfg = Release|x86
		{08587780-2750-4AFD-AD3E-E75393E9EA9B}.Release|x86.ActiveCfg = Release|x86
		{08587780-2750-4AFD-AD3E-E75393E9EA9B}.Release|x86.Build.0 = Release|x86
		{F32A93A9-27A2-4D09-8B94-22B0FC0178EC}.Debug|Any CPU.ActiveCfg = Debug|Any CPU
		{F32A93A9-27A2-4D09-8B94-22B0FC0178EC}.Debug|Any CPU.Build.0 = Debug|Any CPU
		{F32A93A9-27A2-4D09-8B94-22B0FC0178EC}.Debug|Mixed Platforms.ActiveCfg = Debug|Any CPU
		{F32A93A9-27A2-4D09-8B94-22B0FC0178EC}.Debug|Mixed Platforms.Build.0 = Debug|Any CPU
		{F32A93A9-27A2-4D09-8B94-22B0FC0178EC}.Debug|x64.ActiveCfg = Debug|Any CPU
		{F32A93A9-27A2-4D09-8B94-22B0FC0178EC}.Debug|x86.ActiveCfg = Debug|x86
		{F32A93A9-27A2-4D09-8B94-22B0FC0178EC}.Debug|x86.Build.0 = Debug|x86
		{F32A93A9-27A2-4D09-8B94-22B0FC0178EC}.Release|Any CPU.ActiveCfg = Release|Any CPU
		{F32A93A9-27A2-4D09-8B94-22B0FC0178EC}.Release|Any CPU.Build.0 = Release|Any CPU
		{F32A93A9-27A2-4D09-8B94-22B0FC0178EC}.Release|Mixed Platforms.ActiveCfg = Release|Any CPU
		{F32A93A9-27A2-4D09-8B94-22B0FC0178EC}.Release|Mixed Platforms.Build.0 = Release|Any CPU
		{F32A93A9-27A2-4D09-8B94-22B0FC0178EC}.Release|x64.ActiveCfg = Release|Any CPU
		{F32A93A9-27A2-4D09-8B94-22B0FC0178EC}.Release|x86.ActiveCfg = Release|Any CPU
		{CE15B20F-B533-4ECB-B118-D1CC9BEE060A}.Debug|Any CPU.ActiveCfg = Debug|Any CPU
		{CE15B20F-B533-4ECB-B118-D1CC9BEE060A}.Debug|Any CPU.Build.0 = Debug|Any CPU
		{CE15B20F-B533-4ECB-B118-D1CC9BEE060A}.Debug|Mixed Platforms.ActiveCfg = Debug|Any CPU
		{CE15B20F-B533-4ECB-B118-D1CC9BEE060A}.Debug|Mixed Platforms.Build.0 = Debug|Any CPU
		{CE15B20F-B533-4ECB-B118-D1CC9BEE060A}.Debug|x64.ActiveCfg = Debug|Any CPU
		{CE15B20F-B533-4ECB-B118-D1CC9BEE060A}.Debug|x86.ActiveCfg = Debug|x86
		{CE15B20F-B533-4ECB-B118-D1CC9BEE060A}.Debug|x86.Build.0 = Debug|x86
		{CE15B20F-B533-4ECB-B118-D1CC9BEE060A}.Release|Any CPU.ActiveCfg = Release|Any CPU
		{CE15B20F-B533-4ECB-B118-D1CC9BEE060A}.Release|Any CPU.Build.0 = Release|Any CPU
		{CE15B20F-B533-4ECB-B118-D1CC9BEE060A}.Release|Mixed Platforms.ActiveCfg = Release|Any CPU
		{CE15B20F-B533-4ECB-B118-D1CC9BEE060A}.Release|Mixed Platforms.Build.0 = Release|Any CPU
		{CE15B20F-B533-4ECB-B118-D1CC9BEE060A}.Release|x64.ActiveCfg = Release|Any CPU
		{CE15B20F-B533-4ECB-B118-D1CC9BEE060A}.Release|x86.ActiveCfg = Release|Any CPU
		{BCF93302-7EEB-4ECE-9EC2-033B51747192}.Debug|Any CPU.ActiveCfg = Debug|Any CPU
		{BCF93302-7EEB-4ECE-9EC2-033B51747192}.Debug|Any CPU.Build.0 = Debug|Any CPU
		{BCF93302-7EEB-4ECE-9EC2-033B51747192}.Debug|Mixed Platforms.ActiveCfg = Debug|Any CPU
		{BCF93302-7EEB-4ECE-9EC2-033B51747192}.Debug|Mixed Platforms.Build.0 = Debug|Any CPU
		{BCF93302-7EEB-4ECE-9EC2-033B51747192}.Debug|x64.ActiveCfg = Debug|x86
		{BCF93302-7EEB-4ECE-9EC2-033B51747192}.Debug|x86.ActiveCfg = Debug|x86
		{BCF93302-7EEB-4ECE-9EC2-033B51747192}.Debug|x86.Build.0 = Debug|x86
		{BCF93302-7EEB-4ECE-9EC2-033B51747192}.Release|Any CPU.ActiveCfg = Release|Any CPU
		{BCF93302-7EEB-4ECE-9EC2-033B51747192}.Release|Any CPU.Build.0 = Release|Any CPU
		{BCF93302-7EEB-4ECE-9EC2-033B51747192}.Release|Mixed Platforms.ActiveCfg = Release|Any CPU
		{BCF93302-7EEB-4ECE-9EC2-033B51747192}.Release|Mixed Platforms.Build.0 = Release|Any CPU
		{BCF93302-7EEB-4ECE-9EC2-033B51747192}.Release|x64.ActiveCfg = Release|x86
		{BCF93302-7EEB-4ECE-9EC2-033B51747192}.Release|x86.ActiveCfg = Release|x86
		{BCF93302-7EEB-4ECE-9EC2-033B51747192}.Release|x86.Build.0 = Release|x86
		{181A8480-E624-4A4F-9614-D34AE3B770BF}.Debug|Any CPU.ActiveCfg = Debug|Any CPU
		{181A8480-E624-4A4F-9614-D34AE3B770BF}.Debug|Any CPU.Build.0 = Debug|Any CPU
		{181A8480-E624-4A4F-9614-D34AE3B770BF}.Debug|Mixed Platforms.ActiveCfg = Debug|Any CPU
		{181A8480-E624-4A4F-9614-D34AE3B770BF}.Debug|Mixed Platforms.Build.0 = Debug|Any CPU
		{181A8480-E624-4A4F-9614-D34AE3B770BF}.Debug|x64.ActiveCfg = Debug|Any CPU
		{181A8480-E624-4A4F-9614-D34AE3B770BF}.Debug|x86.ActiveCfg = Debug|x86
		{181A8480-E624-4A4F-9614-D34AE3B770BF}.Debug|x86.Build.0 = Debug|x86
		{181A8480-E624-4A4F-9614-D34AE3B770BF}.Release|Any CPU.ActiveCfg = Release|Any CPU
		{181A8480-E624-4A4F-9614-D34AE3B770BF}.Release|Any CPU.Build.0 = Release|Any CPU
		{181A8480-E624-4A4F-9614-D34AE3B770BF}.Release|Mixed Platforms.ActiveCfg = Release|Any CPU
		{181A8480-E624-4A4F-9614-D34AE3B770BF}.Release|Mixed Platforms.Build.0 = Release|Any CPU
		{181A8480-E624-4A4F-9614-D34AE3B770BF}.Release|x64.ActiveCfg = Release|Any CPU
		{181A8480-E624-4A4F-9614-D34AE3B770BF}.Release|x86.ActiveCfg = Release|Any CPU
		{DB81988F-E0F2-45A0-A1FD-8C37F3D35244}.Debug|Any CPU.ActiveCfg = Debug|Any CPU
		{DB81988F-E0F2-45A0-A1FD-8C37F3D35244}.Debug|Any CPU.Build.0 = Debug|Any CPU
		{DB81988F-E0F2-45A0-A1FD-8C37F3D35244}.Debug|Mixed Platforms.ActiveCfg = Debug|Any CPU
		{DB81988F-E0F2-45A0-A1FD-8C37F3D35244}.Debug|Mixed Platforms.Build.0 = Debug|Any CPU
		{DB81988F-E0F2-45A0-A1FD-8C37F3D35244}.Debug|x64.ActiveCfg = Debug|Any CPU
		{DB81988F-E0F2-45A0-A1FD-8C37F3D35244}.Debug|x86.ActiveCfg = Debug|x86
		{DB81988F-E0F2-45A0-A1FD-8C37F3D35244}.Debug|x86.Build.0 = Debug|x86
		{DB81988F-E0F2-45A0-A1FD-8C37F3D35244}.Release|Any CPU.ActiveCfg = Release|Any CPU
		{DB81988F-E0F2-45A0-A1FD-8C37F3D35244}.Release|Any CPU.Build.0 = Release|Any CPU
		{DB81988F-E0F2-45A0-A1FD-8C37F3D35244}.Release|Mixed Platforms.ActiveCfg = Release|Any CPU
		{DB81988F-E0F2-45A0-A1FD-8C37F3D35244}.Release|Mixed Platforms.Build.0 = Release|Any CPU
		{DB81988F-E0F2-45A0-A1FD-8C37F3D35244}.Release|x64.ActiveCfg = Release|Any CPU
		{DB81988F-E0F2-45A0-A1FD-8C37F3D35244}.Release|x86.ActiveCfg = Release|Any CPU
		{BA72CCE0-A9FB-4995-B496-7FEC5C87B85B}.Debug|Any CPU.ActiveCfg = Debug|Any CPU
		{BA72CCE0-A9FB-4995-B496-7FEC5C87B85B}.Debug|Any CPU.Build.0 = Debug|Any CPU
		{BA72CCE0-A9FB-4995-B496-7FEC5C87B85B}.Debug|Mixed Platforms.ActiveCfg = Debug|Any CPU
		{BA72CCE0-A9FB-4995-B496-7FEC5C87B85B}.Debug|Mixed Platforms.Build.0 = Debug|Any CPU
		{BA72CCE0-A9FB-4995-B496-7FEC5C87B85B}.Debug|x64.ActiveCfg = Debug|Any CPU
		{BA72CCE0-A9FB-4995-B496-7FEC5C87B85B}.Debug|x86.ActiveCfg = Debug|x86
		{BA72CCE0-A9FB-4995-B496-7FEC5C87B85B}.Debug|x86.Build.0 = Debug|x86
		{BA72CCE0-A9FB-4995-B496-7FEC5C87B85B}.Release|Any CPU.ActiveCfg = Release|Any CPU
		{BA72CCE0-A9FB-4995-B496-7FEC5C87B85B}.Release|Any CPU.Build.0 = Release|Any CPU
		{BA72CCE0-A9FB-4995-B496-7FEC5C87B85B}.Release|Mixed Platforms.ActiveCfg = Release|Any CPU
		{BA72CCE0-A9FB-4995-B496-7FEC5C87B85B}.Release|Mixed Platforms.Build.0 = Release|Any CPU
		{BA72CCE0-A9FB-4995-B496-7FEC5C87B85B}.Release|x64.ActiveCfg = Release|Any CPU
		{BA72CCE0-A9FB-4995-B496-7FEC5C87B85B}.Release|x86.ActiveCfg = Release|Any CPU
		{15E6FA22-CAE7-4D5A-80DF-1994EDAA6600}.Debug|Any CPU.ActiveCfg = Debug|Any CPU
		{15E6FA22-CAE7-4D5A-80DF-1994EDAA6600}.Debug|Any CPU.Build.0 = Debug|Any CPU
		{15E6FA22-CAE7-4D5A-80DF-1994EDAA6600}.Debug|Mixed Platforms.ActiveCfg = Debug|Any CPU
		{15E6FA22-CAE7-4D5A-80DF-1994EDAA6600}.Debug|Mixed Platforms.Build.0 = Debug|Any CPU
		{15E6FA22-CAE7-4D5A-80DF-1994EDAA6600}.Debug|x64.ActiveCfg = Debug|Any CPU
		{15E6FA22-CAE7-4D5A-80DF-1994EDAA6600}.Debug|x86.ActiveCfg = Debug|x86
		{15E6FA22-CAE7-4D5A-80DF-1994EDAA6600}.Debug|x86.Build.0 = Debug|x86
		{15E6FA22-CAE7-4D5A-80DF-1994EDAA6600}.Release|Any CPU.ActiveCfg = Release|Any CPU
		{15E6FA22-CAE7-4D5A-80DF-1994EDAA6600}.Release|Any CPU.Build.0 = Release|Any CPU
		{15E6FA22-CAE7-4D5A-80DF-1994EDAA6600}.Release|Mixed Platforms.ActiveCfg = Release|Any CPU
		{15E6FA22-CAE7-4D5A-80DF-1994EDAA6600}.Release|Mixed Platforms.Build.0 = Release|Any CPU
		{15E6FA22-CAE7-4D5A-80DF-1994EDAA6600}.Release|x64.ActiveCfg = Release|Any CPU
		{15E6FA22-CAE7-4D5A-80DF-1994EDAA6600}.Release|x86.ActiveCfg = Release|Any CPU
		{72E591D6-8F83-4D8C-8F67-9C325E623234}.Debug|Any CPU.ActiveCfg = Debug|Any CPU
		{72E591D6-8F83-4D8C-8F67-9C325E623234}.Debug|Any CPU.Build.0 = Debug|Any CPU
		{72E591D6-8F83-4D8C-8F67-9C325E623234}.Debug|Mixed Platforms.ActiveCfg = Debug|Any CPU
		{72E591D6-8F83-4D8C-8F67-9C325E623234}.Debug|Mixed Platforms.Build.0 = Debug|Any CPU
		{72E591D6-8F83-4D8C-8F67-9C325E623234}.Debug|x64.ActiveCfg = Debug|Any CPU
		{72E591D6-8F83-4D8C-8F67-9C325E623234}.Debug|x86.ActiveCfg = Debug|x86
		{72E591D6-8F83-4D8C-8F67-9C325E623234}.Debug|x86.Build.0 = Debug|x86
		{72E591D6-8F83-4D8C-8F67-9C325E623234}.Release|Any CPU.ActiveCfg = Release|Any CPU
		{72E591D6-8F83-4D8C-8F67-9C325E623234}.Release|Any CPU.Build.0 = Release|Any CPU
		{72E591D6-8F83-4D8C-8F67-9C325E623234}.Release|Mixed Platforms.ActiveCfg = Release|Any CPU
		{72E591D6-8F83-4D8C-8F67-9C325E623234}.Release|Mixed Platforms.Build.0 = Release|Any CPU
		{72E591D6-8F83-4D8C-8F67-9C325E623234}.Release|x64.ActiveCfg = Release|Any CPU
		{72E591D6-8F83-4D8C-8F67-9C325E623234}.Release|x86.ActiveCfg = Release|Any CPU
		{FE247DB3-2059-46AF-8C09-2D25CBDBB518}.Debug|Any CPU.ActiveCfg = Debug|Any CPU
		{FE247DB3-2059-46AF-8C09-2D25CBDBB518}.Debug|Any CPU.Build.0 = Debug|Any CPU
		{FE247DB3-2059-46AF-8C09-2D25CBDBB518}.Debug|Mixed Platforms.ActiveCfg = Debug|Any CPU
		{FE247DB3-2059-46AF-8C09-2D25CBDBB518}.Debug|Mixed Platforms.Build.0 = Debug|Any CPU
		{FE247DB3-2059-46AF-8C09-2D25CBDBB518}.Debug|x64.ActiveCfg = Debug|Any CPU
		{FE247DB3-2059-46AF-8C09-2D25CBDBB518}.Debug|x86.ActiveCfg = Debug|x86
		{FE247DB3-2059-46AF-8C09-2D25CBDBB518}.Debug|x86.Build.0 = Debug|x86
		{FE247DB3-2059-46AF-8C09-2D25CBDBB518}.Release|Any CPU.ActiveCfg = Release|Any CPU
		{FE247DB3-2059-46AF-8C09-2D25CBDBB518}.Release|Any CPU.Build.0 = Release|Any CPU
		{FE247DB3-2059-46AF-8C09-2D25CBDBB518}.Release|Mixed Platforms.ActiveCfg = Release|Any CPU
		{FE247DB3-2059-46AF-8C09-2D25CBDBB518}.Release|Mixed Platforms.Build.0 = Release|Any CPU
		{FE247DB3-2059-46AF-8C09-2D25CBDBB518}.Release|x64.ActiveCfg = Release|Any CPU
		{FE247DB3-2059-46AF-8C09-2D25CBDBB518}.Release|x86.ActiveCfg = Release|Any CPU
	EndGlobalSection
	GlobalSection(SolutionProperties) = preSolution
		HideSolutionNode = FALSE
	EndGlobalSection
	GlobalSection(NestedProjects) = preSolution
		{667DCC70-280C-4716-A911-C38DE5C2F0EC} = {C56F7D9C-472E-41C3-9ADE-A8E41DDB5485}
		{2D0B3716-72B4-457B-8F61-4F7A2A200A57} = {C56F7D9C-472E-41C3-9ADE-A8E41DDB5485}
		{B402EFFE-08A0-48B7-98B0-72904C2ABEEA} = {C56F7D9C-472E-41C3-9ADE-A8E41DDB5485}
		{08587780-2750-4AFD-AD3E-E75393E9EA9B} = {C56F7D9C-472E-41C3-9ADE-A8E41DDB5485}
		{C547EB82-F770-410B-94AD-534E9B1D6C1B} = {C56F7D9C-472E-41C3-9ADE-A8E41DDB5485}
		{A0BFF0DB-ED9A-4639-AE86-8E709A1EFC66} = {F92F1BBB-B2FE-4165-80B3-971161A278DE}
		{DB81988F-E0F2-45A0-A1FD-8C37F3D35244} = {F92F1BBB-B2FE-4165-80B3-971161A278DE}
		{BA72CCE0-A9FB-4995-B496-7FEC5C87B85B} = {F92F1BBB-B2FE-4165-80B3-971161A278DE}
		{72E591D6-8F83-4D8C-8F67-9C325E623234} = {F92F1BBB-B2FE-4165-80B3-971161A278DE}
		{F32A93A9-27A2-4D09-8B94-22B0FC0178EC} = {84645BD0-5049-499A-A0A5-5BE7827823F3}
		{CE15B20F-B533-4ECB-B118-D1CC9BEE060A} = {84645BD0-5049-499A-A0A5-5BE7827823F3}
		{181A8480-E624-4A4F-9614-D34AE3B770BF} = {84645BD0-5049-499A-A0A5-5BE7827823F3}
		{15E6FA22-CAE7-4D5A-80DF-1994EDAA6600} = {84645BD0-5049-499A-A0A5-5BE7827823F3}
		{FE247DB3-2059-46AF-8C09-2D25CBDBB518} = {84645BD0-5049-499A-A0A5-5BE7827823F3}
		{BCF93302-7EEB-4ECE-9EC2-033B51747192} = {163ED360-30C9-4BBA-BA7E-1DB453616CB9}
	EndGlobalSection
EndGlobal
